
Microsoft Visual Studio Solution File, Format Version 12.00
# Visual Studio Version 16
VisualStudioVersion = 16.0.30204.135
MinimumVisualStudioVersion = 10.0.40219.1
Project("{FAE04EC0-301F-11D3-BF4B-00C04F79EFBC}") = "BulkyBook", "BulkyBook\BulkyBook.csproj", "{9BDE9E44-CA4C-4090-A604-B4A21611CE70}"
EndProject
Global
	GlobalSection(SolutionConfigurationPlatforms) = preSolution
		Debug|Any CPU = Debug|Any CPU
		Release|Any CPU = Release|Any CPU
	EndGlobalSection
	GlobalSection(ProjectConfigurationPlatforms) = postSolution
		{9BDE9E44-CA4C-4090-A604-B4A21611CE70}.Debug|Any CPU.ActiveCfg = Debug|Any CPU
		{9BDE9E44-CA4C-4090-A604-B4A21611CE70}.Debug|Any CPU.Build.0 = Debug|Any CPU
		{9BDE9E44-CA4C-4090-A604-B4A21611CE70}.Release|Any CPU.ActiveCfg = Release|Any CPU
		{9BDE9E44-CA4C-4090-A604-B4A21611CE70}.Release|Any CPU.Build.0 = Release|Any CPU
	EndGlobalSection
	GlobalSection(SolutionProperties) = preSolution
		HideSolutionNode = FALSE
	EndGlobalSection
	GlobalSection(ExtensibilityGlobals) = postSolution
		SolutionGuid = {BEF555C8-8F8B-4663-8A81-71393BE60FE2}
	EndGlobalSection
EndGlobal
